
Microsoft Visual Studio Solution File, Format Version 12.00
# Visual Studio Version 16
VisualStudioVersion = 16.0.31105.61
MinimumVisualStudioVersion = 10.0.40219.1
Project("{FAE04EC0-301F-11D3-BF4B-00C04F79EFBC}") = "UnitTests", "UnitTests\UnitTests.csproj", "{FE8D260F-8C11-4C2E-A1AE-5F10246331F2}"
EndProject
Project("{FAE04EC0-301F-11D3-BF4B-00C04F79EFBC}") = "UnitTests2", "UnitTests2\UnitTests2.csproj", "{E9AAFEEE-FF7E-4F44-96E3-FCED90097432}"
EndProject
Global
	GlobalSection(SolutionConfigurationPlatforms) = preSolution
		Debug|Any CPU = Debug|Any CPU
		Release|Any CPU = Release|Any CPU
	EndGlobalSection
	GlobalSection(ProjectConfigurationPlatforms) = postSolution
		{FE8D260F-8C11-4C2E-A1AE-5F10246331F2}.Debug|Any CPU.ActiveCfg = Debug|Any CPU
		{FE8D260F-8C11-4C2E-A1AE-5F10246331F2}.Debug|Any CPU.Build.0 = Debug|Any CPU
		{FE8D260F-8C11-4C2E-A1AE-5F10246331F2}.Release|Any CPU.ActiveCfg = Release|Any CPU
		{FE8D260F-8C11-4C2E-A1AE-5F10246331F2}.Release|Any CPU.Build.0 = Release|Any CPU
		{E9AAFEEE-FF7E-4F44-96E3-FCED90097432}.Debug|Any CPU.ActiveCfg = Debug|Any CPU
		{E9AAFEEE-FF7E-4F44-96E3-FCED90097432}.Debug|Any CPU.Build.0 = Debug|Any CPU
		{E9AAFEEE-FF7E-4F44-96E3-FCED90097432}.Release|Any CPU.ActiveCfg = Release|Any CPU
		{E9AAFEEE-FF7E-4F44-96E3-FCED90097432}.Release|Any CPU.Build.0 = Release|Any CPU
	EndGlobalSection
	GlobalSection(SolutionProperties) = preSolution
		HideSolutionNode = FALSE
	EndGlobalSection
	GlobalSection(ExtensibilityGlobals) = postSolution
		SolutionGuid = {B176336E-DFB0-478E-ADCD-ACA5088869E3}
	EndGlobalSection
EndGlobal
